github.com/person-c/Nothing v0.0.0-20250615065039-f690efe96481 h1:qUEAA5OTsAWKWj3nP19cl6x23OoY2tPtRPn+CYNxLW8=
github.com/person-c/Nothing v0.0.0-20250615065039-f690efe96481/go.mod h1:tSfsUfzcg4W05IPJofdqxDF4KEXPGgb1+HawLzw1qmI=
github.com/person-c/Nothing v1.1.0 h1:GFPUqohlxtWeFcGCmQocpbKDp54Hg/iFsYFP+BkpLLU=
github.com/person-c/Nothing v1.1.0/go.mod h1:tSfsUfzcg4W05IPJofdqxDF4KEXPGgb1+HawLzw1qmI=
github.com/person-c/Nothing v1.1.1 h1:yECor4NGAX5ZayQeN41x4yX6W6RxsSa3D8v+27YntM0=
github.com/person-c/Nothing v1.1.1/go.mod h1:tSfsUfzcg4W05IPJofdqxDF4KEXPGgb1+HawLzw1qmI=
